
Microsoft Visual Studio Solution File, Format Version 12.00
# Visual Studio Version 16
VisualStudioVersion = 16.0.30406.217
MinimumVisualStudioVersion = 10.0.40219.1
Project("{888888A0-9F3D-457C-B088-3A5042F75D52}") = "tftest", "tftest.pyproj", "{68384242-F7EB-4AE7-BFE4-C46BB93D065E}"
EndProject
Global
	GlobalSection(SolutionConfigurationPlatforms) = preSolution
		Debug|Any CPU = Debug|Any CPU
		Release|Any CPU = Release|Any CPU
	EndGlobalSection
	GlobalSection(ProjectConfigurationPlatforms) = postSolution
		{68384242-F7EB-4AE7-BFE4-C46BB93D065E}.Debug|Any CPU.ActiveCfg = Debug|Any CPU
		{68384242-F7EB-4AE7-BFE4-C46BB93D065E}.Release|Any CPU.ActiveCfg = Release|Any CPU
	EndGlobalSection
	GlobalSection(SolutionProperties) = preSolution
		HideSolutionNode = FALSE
	EndGlobalSection
	GlobalSection(ExtensibilityGlobals) = postSolution
		SolutionGuid = {39CC4EA4-FC30-4A9D-AE45-927C1FF12FEB}
	EndGlobalSection
EndGlobal
